
Microsoft Visual Studio Solution File, Format Version 12.00
# Visual Studio Version 16
VisualStudioVersion = 16.0.30804.86
MinimumVisualStudioVersion = 10.0.40219.1
Project("{FAE04EC0-301F-11D3-BF4B-00C04F79EFBC}") = "ModernCalculator", "ModernCalculator\ModernCalculator.csproj", "{64BC8F77-BE57-4549-BA09-2C2BA716A5B9}"
EndProject
Global
	GlobalSection(SolutionConfigurationPlatforms) = preSolution
		Debug|Any CPU = Debug|Any CPU
		Release|Any CPU = Release|Any CPU
	EndGlobalSection
	GlobalSection(ProjectConfigurationPlatforms) = postSolution
		{64BC8F77-BE57-4549-BA09-2C2BA716A5B9}.Debug|Any CPU.ActiveCfg = Debug|Any CPU
		{64BC8F77-BE57-4549-BA09-2C2BA716A5B9}.Debug|Any CPU.Build.0 = Debug|Any CPU
		{64BC8F77-BE57-4549-BA09-2C2BA716A5B9}.Release|Any CPU.ActiveCfg = Release|Any CPU
		{64BC8F77-BE57-4549-BA09-2C2BA716A5B9}.Release|Any CPU.Build.0 = Release|Any CPU
	EndGlobalSection
	GlobalSection(SolutionProperties) = preSolution
		HideSolutionNode = FALSE
	EndGlobalSection
	GlobalSection(ExtensibilityGlobals) = postSolution
		SolutionGuid = {5133A899-A65D-4DB5-9F86-D75947F5A2CC}
	EndGlobalSection
EndGlobal
